# THIS IS AN AUTOGENERATED FILE. DO NOT EDIT THIS FILE DIRECTLY.
# yarn lockfile v1


"@azure/msal-react@^3.0.5":
  version "3.0.5"
  resolved "https://registry.yarnpkg.com/@azure/msal-react/-/msal-react-3.0.5.tgz#127b8b98db52d34e90040418529dd817bf541f60"
  integrity sha512-TrkExiYuytgDnEX53Rfq02GeZXo7sCQ2isK9PJpR+5kZ+9nuhKnUjV4BL+KKF69RdkmRTcgqaOB6dOH3xlrO0Q==
